
Microsoft Visual Studio Solution File, Format Version 12.00
# Visual Studio Version 17
VisualStudioVersion = 17.5.002.0
MinimumVisualStudioVersion = 10.0.40219.1
Project("{2150E333-8FDC-42A3-9474-1A3956D46DE8}") = "solution", "solution", "{DF6BD5B1-2E2A-49A7-81F4-7EDFABFDC831}"
EndProject
Project("{9A19103F-16F7-4668-BE54-9A1E7A4F7556}") = "EnergyPlanner.Domain", "solution\EnergyPlanner.Domain\EnergyPlanner.Domain.csproj", "{A2605284-E280-44E1-8838-DE3FBFE183E4}"
EndProject
Project("{9A19103F-16F7-4668-BE54-9A1E7A4F7556}") = "PowerPlant.Tests", "solution\EnergyPlanner.Tests\PowerPlant.Tests.csproj", "{D683F58F-0F43-4BF8-9396-2F13DED409A4}"
EndProject
Project("{9A19103F-16F7-4668-BE54-9A1E7A4F7556}") = "EnergyPlanner.Api", "solution\EnergyPlanner.Api\EnergyPlanner.Api.csproj", "{00CD88AE-BDE3-4FFD-9C68-DBB6F0092006}"
EndProject
Project("{9A19103F-16F7-4668-BE54-9A1E7A4F7556}") = "EnergyPlanner.Application", "solution\EnergyPlanner.Application\EnergyPlanner.Application.csproj", "{F70D3C79-4EB7-4550-8A96-FE26475F2FB7}"
EndProject
Global
	GlobalSection(SolutionConfigurationPlatforms) = preSolution
		Debug|Any CPU = Debug|Any CPU
		Release|Any CPU = Release|Any CPU
	EndGlobalSection
	GlobalSection(ProjectConfigurationPlatforms) = postSolution
		{A2605284-E280-44E1-8838-DE3FBFE183E4}.Debug|Any CPU.ActiveCfg = Debug|Any CPU
		{A2605284-E280-44E1-8838-DE3FBFE183E4}.Debug|Any CPU.Build.0 = Debug|Any CPU
		{A2605284-E280-44E1-8838-DE3FBFE183E4}.Release|Any CPU.ActiveCfg = Release|Any CPU
		{A2605284-E280-44E1-8838-DE3FBFE183E4}.Release|Any CPU.Build.0 = Release|Any CPU
		{D683F58F-0F43-4BF8-9396-2F13DED409A4}.Debug|Any CPU.ActiveCfg = Debug|Any CPU
		{D683F58F-0F43-4BF8-9396-2F13DED409A4}.Debug|Any CPU.Build.0 = Debug|Any CPU
		{D683F58F-0F43-4BF8-9396-2F13DED409A4}.Release|Any CPU.ActiveCfg = Release|Any CPU
		{D683F58F-0F43-4BF8-9396-2F13DED409A4}.Release|Any CPU.Build.0 = Release|Any CPU
		{00CD88AE-BDE3-4FFD-9C68-DBB6F0092006}.Debug|Any CPU.ActiveCfg = Debug|Any CPU
		{00CD88AE-BDE3-4FFD-9C68-DBB6F0092006}.Debug|Any CPU.Build.0 = Debug|Any CPU
		{00CD88AE-BDE3-4FFD-9C68-DBB6F0092006}.Release|Any CPU.ActiveCfg = Release|Any CPU
		{00CD88AE-BDE3-4FFD-9C68-DBB6F0092006}.Release|Any CPU.Build.0 = Release|Any CPU
		{F70D3C79-4EB7-4550-8A96-FE26475F2FB7}.Debug|Any CPU.ActiveCfg = Debug|Any CPU
		{F70D3C79-4EB7-4550-8A96-FE26475F2FB7}.Debug|Any CPU.Build.0 = Debug|Any CPU
		{F70D3C79-4EB7-4550-8A96-FE26475F2FB7}.Release|Any CPU.ActiveCfg = Release|Any CPU
		{F70D3C79-4EB7-4550-8A96-FE26475F2FB7}.Release|Any CPU.Build.0 = Release|Any CPU
	EndGlobalSection
	GlobalSection(SolutionProperties) = preSolution
		HideSolutionNode = FALSE
	EndGlobalSection
	GlobalSection(NestedProjects) = preSolution
		{A2605284-E280-44E1-8838-DE3FBFE183E4} = {DF6BD5B1-2E2A-49A7-81F4-7EDFABFDC831}
		{D683F58F-0F43-4BF8-9396-2F13DED409A4} = {DF6BD5B1-2E2A-49A7-81F4-7EDFABFDC831}
		{00CD88AE-BDE3-4FFD-9C68-DBB6F0092006} = {DF6BD5B1-2E2A-49A7-81F4-7EDFABFDC831}
		{F70D3C79-4EB7-4550-8A96-FE26475F2FB7} = {DF6BD5B1-2E2A-49A7-81F4-7EDFABFDC831}
	EndGlobalSection
	GlobalSection(ExtensibilityGlobals) = postSolution
		SolutionGuid = {6FF7351C-78C2-46A3-A203-5C49B00281C7}
	EndGlobalSection
EndGlobal
